{
  "name": "lambda-environment",
  "version": "1.0.0",
  "lockfileVersion": 1,
  "requires": true,
  "dependencies": {
    "env-var": {
      "version": "7.0.0",
      "resolved": "https://registry.npmjs.org/env-var/-/env-var-7.0.0.tgz",
      "integrity": "sha512-XnoXQhg98QpSQqpBjySM3VjXGVrIvisgFbFURxAxOymarLzlcdvy6Y3qlnvZFaAp5j99qwSbRwqbrZtug/0x9w=="
    }
  }
}
